
Microsoft Visual Studio Solution File, Format Version 12.00
# Visual Studio Version 16
VisualStudioVersion = 16.0.29102.190
MinimumVisualStudioVersion = 10.0.40219.1
Project("{FAE04EC0-301F-11D3-BF4B-00C04F79EFBC}") = "MyInsta", "MyInsta.csproj", "{B3162935-9F52-44C3-999B-0EB2AD4FDE1A}"
EndProject
Project("{9A19103F-16F7-4668-BE54-9A1E7A4F7556}") = "InstagramApiSharp", "..\InstagramApiSharp\src\InstagramApiSharp\InstagramApiSharp.csproj", "{FFD3BD6E-54E7-4466-946C-D61BFE5B8FDE}"
EndProject
Global
	GlobalSection(SolutionConfigurationPlatforms) = preSolution
		Debug|Any CPU = Debug|Any CPU
		Debug|ARM = Debug|ARM
		Debug|ARM64 = Debug|ARM64
		Debug|x64 = Debug|x64
		Debug|x86 = Debug|x86
		Release|Any CPU = Release|Any CPU
		Release|ARM = Release|ARM
		Release|ARM64 = Release|ARM64
		Release|x64 = Release|x64
		Release|x86 = Release|x86
	EndGlobalSection
	GlobalSection(ProjectConfigurationPlatforms) = postSolution
		{B3162935-9F52-44C3-999B-0EB2AD4FDE1A}.Debug|Any CPU.ActiveCfg = Debug|x86
		{B3162935-9F52-44C3-999B-0EB2AD4FDE1A}.Debug|ARM.ActiveCfg = Debug|ARM
		{B3162935-9F52-44C3-999B-0EB2AD4FDE1A}.Debug|ARM.Build.0 = Debug|ARM
		{B3162935-9F52-44C3-999B-0EB2AD4FDE1A}.Debug|ARM.Deploy.0 = Debug|ARM
		{B3162935-9F52-44C3-999B-0EB2AD4FDE1A}.Debug|ARM64.ActiveCfg = Debug|ARM64
		{B3162935-9F52-44C3-999B-0EB2AD4FDE1A}.Debug|ARM64.Build.0 = Debug|ARM64
		{B3162935-9F52-44C3-999B-0EB2AD4FDE1A}.Debug|ARM64.Deploy.0 = Debug|ARM64
		{B3162935-9F52-44C3-999B-0EB2AD4FDE1A}.Debug|x64.ActiveCfg = Debug|x64
		{B3162935-9F52-44C3-999B-0EB2AD4FDE1A}.Debug|x64.Build.0 = Debug|x64
		{B3162935-9F52-44C3-999B-0EB2AD4FDE1A}.Debug|x64.Deploy.0 = Debug|x64
		{B3162935-9F52-44C3-999B-0EB2AD4FDE1A}.Debug|x86.ActiveCfg = Debug|x86
		{B3162935-9F52-44C3-999B-0EB2AD4FDE1A}.Debug|x86.Build.0 = Debug|x86
		{B3162935-9F52-44C3-999B-0EB2AD4FDE1A}.Debug|x86.Deploy.0 = Debug|x86
		{B3162935-9F52-44C3-999B-0EB2AD4FDE1A}.Release|Any CPU.ActiveCfg = Release|x86
		{B3162935-9F52-44C3-999B-0EB2AD4FDE1A}.Release|ARM.ActiveCfg = Release|ARM
		{B3162935-9F52-44C3-999B-0EB2AD4FDE1A}.Release|ARM.Build.0 = Release|ARM
		{B3162935-9F52-44C3-999B-0EB2AD4FDE1A}.Release|ARM.Deploy.0 = Release|ARM
		{B3162935-9F52-44C3-999B-0EB2AD4FDE1A}.Release|ARM64.ActiveCfg = Release|ARM64
		{B3162935-9F52-44C3-999B-0EB2AD4FDE1A}.Release|ARM64.Build.0 = Release|ARM64
		{B3162935-9F52-44C3-999B-0EB2AD4FDE1A}.Release|ARM64.Deploy.0 = Release|ARM64
		{B3162935-9F52-44C3-999B-0EB2AD4FDE1A}.Release|x64.ActiveCfg = Release|x64
		{B3162935-9F52-44C3-999B-0EB2AD4FDE1A}.Release|x64.Build.0 = Release|x64
		{B3162935-9F52-44C3-999B-0EB2AD4FDE1A}.Release|x64.Deploy.0 = Release|x64
		{B3162935-9F52-44C3-999B-0EB2AD4FDE1A}.Release|x86.ActiveCfg = Release|x86
		{B3162935-9F52-44C3-999B-0EB2AD4FDE1A}.Release|x86.Build.0 = Release|x86
		{B3162935-9F52-44C3-999B-0EB2AD4FDE1A}.Release|x86.Deploy.0 = Release|x86
		{FFD3BD6E-54E7-4466-946C-D61BFE5B8FDE}.Debug|Any CPU.ActiveCfg = Debug|Any CPU
		{FFD3BD6E-54E7-4466-946C-D61BFE5B8FDE}.Debug|Any CPU.Build.0 = Debug|Any CPU
		{FFD3BD6E-54E7-4466-946C-D61BFE5B8FDE}.Debug|ARM.ActiveCfg = Debug|Any CPU
		{FFD3BD6E-54E7-4466-946C-D61BFE5B8FDE}.Debug|ARM.Build.0 = Debug|Any CPU
		{FFD3BD6E-54E7-4466-946C-D61BFE5B8FDE}.Debug|ARM64.ActiveCfg = Debug|Any CPU
		{FFD3BD6E-54E7-4466-946C-D61BFE5B8FDE}.Debug|ARM64.Build.0 = Debug|Any CPU
		{FFD3BD6E-54E7-4466-946C-D61BFE5B8FDE}.Debug|x64.ActiveCfg = Debug|Any CPU
		{FFD3BD6E-54E7-4466-946C-D61BFE5B8FDE}.Debug|x64.Build.0 = Debug|Any CPU
		{FFD3BD6E-54E7-4466-946C-D61BFE5B8FDE}.Debug|x86.ActiveCfg = Debug|Any CPU
		{FFD3BD6E-54E7-4466-946C-D61BFE5B8FDE}.Debug|x86.Build.0 = Debug|Any CPU
		{FFD3BD6E-54E7-4466-946C-D61BFE5B8FDE}.Release|Any CPU.ActiveCfg = Release|Any CPU
		{FFD3BD6E-54E7-4466-946C-D61BFE5B8FDE}.Release|Any CPU.Build.0 = Release|Any CPU
		{FFD3BD6E-54E7-4466-946C-D61BFE5B8FDE}.Release|ARM.ActiveCfg = Release|Any CPU
		{FFD3BD6E-54E7-4466-946C-D61BFE5B8FDE}.Release|ARM.Build.0 = Release|Any CPU
		{FFD3BD6E-54E7-4466-946C-D61BFE5B8FDE}.Release|ARM64.ActiveCfg = Release|Any CPU
		{FFD3BD6E-54E7-4466-946C-D61BFE5B8FDE}.Release|ARM64.Build.0 = Release|Any CPU
		{FFD3BD6E-54E7-4466-946C-D61BFE5B8FDE}.Release|x64.ActiveCfg = Release|Any CPU
		{FFD3BD6E-54E7-4466-946C-D61BFE5B8FDE}.Release|x64.Build.0 = Release|Any CPU
		{FFD3BD6E-54E7-4466-946C-D61BFE5B8FDE}.Release|x86.ActiveCfg = Release|Any CPU
		{FFD3BD6E-54E7-4466-946C-D61BFE5B8FDE}.Release|x86.Build.0 = Release|Any CPU
	EndGlobalSection
	GlobalSection(SolutionProperties) = preSolution
		HideSolutionNode = FALSE
	EndGlobalSection
	GlobalSection(ExtensibilityGlobals) = postSolution
		SolutionGuid = {C8EC76EC-465E-4CF9-B263-3E454D8CDFD7}
	EndGlobalSection
EndGlobal
